
Microsoft Visual Studio Solution File, Format Version 12.00
# Visual Studio 2013
VisualStudioVersion = 12.0.21005.1
MinimumVisualStudioVersion = 10.0.40219.1
Project("{8BC9CEB8-8B4A-11D0-8D11-00A0C91BC942}") = "Mirror Mirror", "Mirror Mirror\Mirror Mirror.vcxproj", "{E379C2D8-4D7D-4E90-BF1E-B4960A8F1CFD}"
EndProject
Global
	GlobalSection(SolutionConfigurationPlatforms) = preSolution
		Debug|Win32 = Debug|Win32
		Release|Win32 = Release|Win32
	EndGlobalSection
	GlobalSection(ProjectConfigurationPlatforms) = postSolution
		{E379C2D8-4D7D-4E90-BF1E-B4960A8F1CFD}.Debug|Win32.ActiveCfg = Debug|Win32
		{E379C2D8-4D7D-4E90-BF1E-B4960A8F1CFD}.Debug|Win32.Build.0 = Debug|Win32
		{E379C2D8-4D7D-4E90-BF1E-B4960A8F1CFD}.Release|Win32.ActiveCfg = Release|Win32
		{E379C2D8-4D7D-4E90-BF1E-B4960A8F1CFD}.Release|Win32.Build.0 = Release|Win32
	EndGlobalSection
	GlobalSection(SolutionProperties) = preSolution
		HideSolutionNode = FALSE
	EndGlobalSection
EndGlobal
